{
  "name": "orbx",
  "version": "0.1.2",
  "lockfileVersion": 1,
  "requires": true,
  "dependencies": {
    "l-print": {
      "version": "0.0.8",
      "resolved": "https://registry.npmjs.org/l-print/-/l-print-0.0.8.tgz",
      "integrity": "sha512-V9KIIKl2ksUgb403IjGMhXZTB9mCO++MWw/baOctp2CoGBjBoERg8yqoFX3Oyv0go7HSPa/Nwo4iBLGti/niEw==",
      "dev": true
    },
    "node-tee": {
      "version": "0.2.1",
      "resolved": "https://registry.npmjs.org/node-tee/-/node-tee-0.2.1.tgz",
      "integrity": "sha512-f8KWQIElMwRztZCMgLykPToW5GMncWAtmGZm79VMWFyREm2zEtwHNSe/1UDz2yKSm27SVKH3r7/dha43vU/blQ==",
      "dev": true,
      "requires": {
        "l-print": "0.0.8"
      }
    },
    "orbx-enum": {
      "version": "0.1.0",
      "resolved": "https://registry.npmjs.org/orbx-enum/-/orbx-enum-0.1.0.tgz",
      "integrity": "sha512-r+oQyp8619wU7iQ4FyugMPSsom4xFch4B+YOoIX3YOE7CLgCDQMaIA6cfWA7M5ZRKYwviYarGhfca2j+VUZeBQ=="
    }
  }
}
